
Microsoft Visual Studio Solution File, Format Version 12.00
# Visual Studio Version 17
VisualStudioVersion = 17.3.32922.545
MinimumVisualStudioVersion = 10.0.40219.1
Project("{FAE04EC0-301F-11D3-BF4B-00C04F79EFBC}") = "WebMVCR1", "WebMVCR1.csproj", "{BBCBCA07-A160-4002-AA7F-9C8919B67A0B}"
EndProject
Global
	GlobalSection(SolutionConfigurationPlatforms) = preSolution
		Debug|Any CPU = Debug|Any CPU
		Release|Any CPU = Release|Any CPU
	EndGlobalSection
	GlobalSection(ProjectConfigurationPlatforms) = postSolution
		{BBCBCA07-A160-4002-AA7F-9C8919B67A0B}.Debug|Any CPU.ActiveCfg = Debug|Any CPU
		{BBCBCA07-A160-4002-AA7F-9C8919B67A0B}.Debug|Any CPU.Build.0 = Debug|Any CPU
		{BBCBCA07-A160-4002-AA7F-9C8919B67A0B}.Release|Any CPU.ActiveCfg = Release|Any CPU
		{BBCBCA07-A160-4002-AA7F-9C8919B67A0B}.Release|Any CPU.Build.0 = Release|Any CPU
	EndGlobalSection
	GlobalSection(SolutionProperties) = preSolution
		HideSolutionNode = FALSE
	EndGlobalSection
	GlobalSection(ExtensibilityGlobals) = postSolution
		SolutionGuid = {DC2B3FE5-A9FD-4576-BA32-61219115F99F}
	EndGlobalSection
EndGlobal
